
Microsoft Visual Studio Solution File, Format Version 12.00
# Visual Studio Version 16
VisualStudioVersion = 16.0.29326.143
MinimumVisualStudioVersion = 10.0.40219.1
Project("{FAE04EC0-301F-11D3-BF4B-00C04F79EFBC}") = "AspNetCore3React", "AspNetCore3React\AspNetCore3React.csproj", "{62429C7A-3C14-4BF0-997E-271E28A86282}"
EndProject
Global
	GlobalSection(SolutionConfigurationPlatforms) = preSolution
		Debug|Any CPU = Debug|Any CPU
		Release|Any CPU = Release|Any CPU
	EndGlobalSection
	GlobalSection(ProjectConfigurationPlatforms) = postSolution
		{62429C7A-3C14-4BF0-997E-271E28A86282}.Debug|Any CPU.ActiveCfg = Debug|Any CPU
		{62429C7A-3C14-4BF0-997E-271E28A86282}.Debug|Any CPU.Build.0 = Debug|Any CPU
		{62429C7A-3C14-4BF0-997E-271E28A86282}.Release|Any CPU.ActiveCfg = Release|Any CPU
		{62429C7A-3C14-4BF0-997E-271E28A86282}.Release|Any CPU.Build.0 = Release|Any CPU
	EndGlobalSection
	GlobalSection(SolutionProperties) = preSolution
		HideSolutionNode = FALSE
	EndGlobalSection
	GlobalSection(ExtensibilityGlobals) = postSolution
		SolutionGuid = {0D2C5091-4AE9-4381-87ED-7E6C8E609960}
	EndGlobalSection
EndGlobal
